{
  "name": "mzagaja.github.io",
  "version": "1.0.0",
  "lockfileVersion": 3,
  "requires": true,
  "packages": {
    "": {
      "name": "mzagaja.github.io",
      "version": "1.0.0",
      "license": "ISC",
      "dependencies": {
        "@fontsource/bebas-neue": "^5.2.7",
        "@fontsource/dm-mono": "^5.2.7",
        "@fontsource/dm-sans": "^5.2.8",
        "@fontsource/dm-serif-display": "^5.2.8",
        "@web.awesome.me/webawesome-pro": "^3.5.0"
      }
    },
    "node_modules/@ctrl/tinycolor": {
      "version": "4.1.0",
      "resolved": "https://registry.npmjs.org/@ctrl/tinycolor/-/tinycolor-4.1.0.tgz",
      "integrity": "sha512-WyOx8cJQ+FQus4Mm4uPIZA64gbk3Wxh0so5Lcii0aJifqwoVOlfFtorjLE0Hen4OYyHZMXDWqMmaQemBhgxFRQ==",
      "license": "MIT",
      "engines": {
        "node": ">=14"
      }
    },
    "node_modules/@floating-ui/core": {
      "version": "1.7.5",
      "resolved": "https://registry.npmjs.org/@floating-ui/core/-/core-1.7.5.tgz",
      "integrity": "sha512-1Ih4WTWyw0+lKyFMcBHGbb5U5FtuHJuujoyyr5zTaWS5EYMeT6Jb2AuDeftsCsEuchO+mM2ij5+q9crhydzLhQ==",
      "license": "MIT",
      "dependencies": {
        "@floating-ui/utils": "^0.2.11"
      }
    },
    "node_modules/@floating-ui/dom": {
      "version": "1.7.6",
      "resolved": "https://registry.npmjs.org/@floating-ui/dom/-/dom-1.7.6.tgz",
      "integrity": "sha512-9gZSAI5XM36880PPMm//9dfiEngYoC6Am2izES1FF406YFsjvyBMmeJ2g4SAju3xWwtuynNRFL2s9hgxpLI5SQ==",
      "license": "MIT",
      "dependencies": {
        "@floating-ui/core": "^1.7.5",
        "@floating-ui/utils": "^0.2.11"
      }
    },
    "node_modules/@floating-ui/utils": {
      "version": "0.2.11",
      "resolved": "https://registry.npmjs.org/@floating-ui/utils/-/utils-0.2.11.tgz",
      "integrity": "sha512-RiB/yIh78pcIxl6lLMG0CgBXAZ2Y0eVHqMPYugu+9U0AeT6YBeiJpf7lbdJNIugFP5SIjwNRgo4DhR1Qxi26Gg==",
      "license": "MIT"
    },
    "node_modules/@fontsource/bebas-neue": {
      "version": "5.2.7",
      "resolved": "https://registry.npmjs.org/@fontsource/bebas-neue/-/bebas-neue-5.2.7.tgz",
      "integrity": "sha512-DsmBrmq55d9BCU0mt4DT4RZDdH8vhWRKEUOfbuNB1EEjMuwbtFvM8N+3gIlkYSFbsb10P8Q19BV5OdpMu2h0fA==",
      "license": "OFL-1.1",
      "funding": {
        "url": "https://github.com/sponsors/ayuhito"
      }
    },
    "node_modules/@fontsource/dm-mono": {
      "version": "5.2.7",
      "resolved": "https://registry.npmjs.org/@fontsource/dm-mono/-/dm-mono-5.2.7.tgz",
      "integrity": "sha512-Ma1az2atTVgQWuOWwjuxx26p/6A6CU9HBNKq1CFV6YKpKhpswnf9ry9Ql4+T6bTZzkdtSfS6tjJvqZOljVzIFQ==",
      "license": "OFL-1.1",
      "funding": {
        "url": "https://github.com/sponsors/ayuhito"
      }
    },
    "node_modules/@fontsource/dm-sans": {
      "version": "5.2.8",
      "resolved": "https://registry.npmjs.org/@fontsource/dm-sans/-/dm-sans-5.2.8.tgz",
      "integrity": "sha512-tlovG42m9ESG28WiHpLq3F5umAlm64rv0RkqTbYowRn70e9OlRr5a3yTJhrhrY+k5lftR/OFJjPzOLQzk8EfCA==",
      "license": "OFL-1.1",
      "funding": {
        "url": "https://github.com/sponsors/ayuhito"
      }
    },
    "node_modules/@fontsource/dm-serif-display": {
      "version": "5.2.8",
      "resolved": "https://registry.npmjs.org/@fontsource/dm-serif-display/-/dm-serif-display-5.2.8.tgz",
      "integrity": "sha512-GYSDSlGU6vyhv9a5MwaiVNf9HCuSVpK8hEFRyG4NNDHCDeHiX7YHDAcWsaoLKKcfXLgWG9YkBkk9T3SxM4rAjQ==",
      "license": "OFL-1.1",
      "funding": {
        "url": "https://github.com/sponsors/ayuhito"
      }
    },
    "node_modules/@kurkle/color": {
      "version": "0.3.4",
      "resolved": "https://registry.npmjs.org/@kurkle/color/-/color-0.3.4.tgz",
      "integrity": "sha512-M5UknZPHRu3DEDWoipU6sE8PdkZ6Z/S+v4dD+Ke8IaNlpdSQah50lz1KtcFBa2vsdOnwbbnxJwVM4wty6udA5w==",
      "license": "MIT"
    },
    "node_modules/@lit-labs/ssr-dom-shim": {
      "version": "1.5.1",
      "resolved": "https://registry.npmjs.org/@lit-labs/ssr-dom-shim/-/ssr-dom-shim-1.5.1.tgz",
      "integrity": "sha512-Aou5UdlSpr5whQe8AA/bZG0jMj96CoJIWbGfZ91qieWu5AWUMKw8VR/pAkQkJYvBNhmCcWnZlyyk5oze8JIqYA==",
      "license": "BSD-3-Clause"
    },
    "node_modules/@lit/react": {
      "version": "1.0.8",
      "resolved": "https://registry.npmjs.org/@lit/react/-/react-1.0.8.tgz",
      "integrity": "sha512-p2+YcF+JE67SRX3mMlJ1TKCSTsgyOVdAwd/nxp3NuV1+Cb6MWALbN6nT7Ld4tpmYofcE5kcaSY1YBB9erY+6fw==",
      "license": "BSD-3-Clause",
      "peerDependencies": {
        "@types/react": "17 || 18 || 19"
      }
    },
    "node_modules/@lit/reactive-element": {
      "version": "2.1.2",
      "resolved": "https://registry.npmjs.org/@lit/reactive-element/-/reactive-element-2.1.2.tgz",
      "integrity": "sha512-pbCDiVMnne1lYUIaYNN5wrwQXDtHaYtg7YEFPeW+hws6U47WeFvISGUWekPGKWOP1ygrs0ef0o1VJMk1exos5A==",
      "license": "BSD-3-Clause",
      "dependencies": {
        "@lit-labs/ssr-dom-shim": "^1.5.0"
      }
    },
    "node_modules/@shoelace-style/animations": {
      "version": "1.2.0",
      "resolved": "https://registry.npmjs.org/@shoelace-style/animations/-/animations-1.2.0.tgz",
      "integrity": "sha512-avvo1xxkLbv2dgtabdewBbqcJfV0e0zCwFqkPMnHFGbJbBHorRFfMAHh1NG9ymmXn0jW95ibUVH03E1NYXD6Gw==",
      "license": "MIT",
      "funding": {
        "type": "individual",
        "url": "https://github.com/sponsors/claviska"
      }
    },
    "node_modules/@shoelace-style/localize": {
      "version": "3.2.2",
      "resolved": "https://registry.npmjs.org/@shoelace-style/localize/-/localize-3.2.2.tgz",
      "integrity": "sha512-h3+2/cFWGaw3KQUwintkP4Cy3PtrVW//ysr9DM5nOfIXYekgrHwsELk/nyxc8hmjVP/Kcon7KCzvUtSwUBipfQ==",
      "license": "MIT"
    },
    "node_modules/@types/react": {
      "version": "19.2.14",
      "resolved": "https://registry.npmjs.org/@types/react/-/react-19.2.14.tgz",
      "integrity": "sha512-ilcTH/UniCkMdtexkoCN0bI7pMcJDvmQFPvuPvmEaYA/NSfFTAgdUSLAoVjaRJm7+6PvcM+q1zYOwS4wTYMF9w==",
      "license": "MIT",
      "peer": true,
      "dependencies": {
        "csstype": "^3.2.2"
      }
    },
    "node_modules/@types/trusted-types": {
      "version": "2.0.7",
      "resolved": "https://registry.npmjs.org/@types/trusted-types/-/trusted-types-2.0.7.tgz",
      "integrity": "sha512-ScaPdn1dQczgbl0QFTeTOmVHFULt394XJgOQNoyVhZ6r2vLnMLJfBPd53SB52T/3G36VI1/g2MZaX0cwDuXsfw==",
      "license": "MIT"
    },
    "node_modules/@web.awesome.me/webawesome-pro": {
      "version": "3.5.0",
      "resolved": "https://npm.cloudsmith.io/fortawesome/webawesome-pro/@web.awesome.me/webawesome-pro/-/webawesome-pro-3.5.0.tgz",
      "integrity": "sha512-77JTWvxLTC6+wjDu2CRD37aaeSqimGkhrVsE1CDopK4S0bDd9hjJUVbqP0kNkx+784utPvTQu509YPn0MIcpkQ==",
      "dependencies": {
        "@ctrl/tinycolor": "4.1.0",
        "@floating-ui/dom": "^1.6.13",
        "@lit/react": "^1.0.8",
        "@shoelace-style/animations": "^1.2.0",
        "@shoelace-style/localize": "^3.2.1",
        "chart.js": "^4.5.1",
        "composed-offset-position": "^0.0.6",
        "lit": "^3.2.1",
        "marked": "^11.2.0",
        "nanoid": "^5.1.5",
        "qr-creator": "^1.0.0",
        "style-observer": "^0.1.2"
      },
      "engines": {
        "node": ">=14.17.0"
      }
    },
    "node_modules/chart.js": {
      "version": "4.5.1",
      "resolved": "https://registry.npmjs.org/chart.js/-/chart.js-4.5.1.tgz",
      "integrity": "sha512-GIjfiT9dbmHRiYi6Nl2yFCq7kkwdkp1W/lp2J99rX0yo9tgJGn3lKQATztIjb5tVtevcBtIdICNWqlq5+E8/Pw==",
      "license": "MIT",
      "dependencies": {
        "@kurkle/color": "^0.3.0"
      },
      "engines": {
        "pnpm": ">=8"
      }
    },
    "node_modules/composed-offset-position": {
      "version": "0.0.6",
      "resolved": "https://registry.npmjs.org/composed-offset-position/-/composed-offset-position-0.0.6.tgz",
      "integrity": "sha512-Q7dLompI6lUwd7LWyIcP66r4WcS9u7AL2h8HaeipiRfCRPLMWqRx8fYsjb4OHi6UQFifO7XtNC2IlEJ1ozIFxw==",
      "license": "MIT",
      "peerDependencies": {
        "@floating-ui/utils": "^0.2.5"
      }
    },
    "node_modules/csstype": {
      "version": "3.2.3",
      "resolved": "https://registry.npmjs.org/csstype/-/csstype-3.2.3.tgz",
      "integrity": "sha512-z1HGKcYy2xA8AGQfwrn0PAy+PB7X/GSj3UVJW9qKyn43xWa+gl5nXmU4qqLMRzWVLFC8KusUX8T/0kCiOYpAIQ==",
      "license": "MIT",
      "peer": true
    },
    "node_modules/lit": {
      "version": "3.3.2",
      "resolved": "https://registry.npmjs.org/lit/-/lit-3.3.2.tgz",
      "integrity": "sha512-NF9zbsP79l4ao2SNrH3NkfmFgN/hBYSQo90saIVI1o5GpjAdCPVstVzO1MrLOakHoEhYkrtRjPK6Ob521aoYWQ==",
      "license": "BSD-3-Clause",
      "dependencies": {
        "@lit/reactive-element": "^2.1.0",
        "lit-element": "^4.2.0",
        "lit-html": "^3.3.0"
      }
    },
    "node_modules/lit-element": {
      "version": "4.2.2",
      "resolved": "https://registry.npmjs.org/lit-element/-/lit-element-4.2.2.tgz",
      "integrity": "sha512-aFKhNToWxoyhkNDmWZwEva2SlQia+jfG0fjIWV//YeTaWrVnOxD89dPKfigCUspXFmjzOEUQpOkejH5Ly6sG0w==",
      "license": "BSD-3-Clause",
      "dependencies": {
        "@lit-labs/ssr-dom-shim": "^1.5.0",
        "@lit/reactive-element": "^2.1.0",
        "lit-html": "^3.3.0"
      }
    },
    "node_modules/lit-html": {
      "version": "3.3.2",
      "resolved": "https://registry.npmjs.org/lit-html/-/lit-html-3.3.2.tgz",
      "integrity": "sha512-Qy9hU88zcmaxBXcc10ZpdK7cOLXvXpRoBxERdtqV9QOrfpMZZ6pSYP91LhpPtap3sFMUiL7Tw2RImbe0Al2/kw==",
      "license": "BSD-3-Clause",
      "dependencies": {
        "@types/trusted-types": "^2.0.2"
      }
    },
    "node_modules/marked": {
      "version": "11.2.0",
      "resolved": "https://registry.npmjs.org/marked/-/marked-11.2.0.tgz",
      "integrity": "sha512-HR0m3bvu0jAPYiIvLUUQtdg1g6D247//lvcekpHO1WMvbwDlwSkZAX9Lw4F4YHE1T0HaaNve0tuAWuV1UJ6vtw==",
      "license": "MIT",
      "bin": {
        "marked": "bin/marked.js"
      },
      "engines": {
        "node": ">= 18"
      }
    },
    "node_modules/nanoid": {
      "version": "5.1.9",
      "resolved": "https://registry.npmjs.org/nanoid/-/nanoid-5.1.9.tgz",
      "integrity": "sha512-ZUvP7KeBLe3OZ1ypw6dI/TzYJuvHP77IM4Ry73waSQTLn8/g8rpdjfyVAh7t1/+FjBtG4lCP42MEbDxOsRpBMw==",
      "funding": [
        {
          "type": "github",
          "url": "https://github.com/sponsors/ai"
        }
      ],
      "license": "MIT",
      "bin": {
        "nanoid": "bin/nanoid.js"
      },
      "engines": {
        "node": "^18 || >=20"
      }
    },
    "node_modules/qr-creator": {
      "version": "1.0.0",
      "resolved": "https://registry.npmjs.org/qr-creator/-/qr-creator-1.0.0.tgz",
      "integrity": "sha512-C0cqfbS1P5hfqN4NhsYsUXePlk9BO+a45bAQ3xLYjBL3bOIFzoVEjs79Fado9u9BPBD3buHi3+vY+C8tHh4qMQ==",
      "license": "MIT"
    },
    "node_modules/style-observer": {
      "version": "0.1.2",
      "resolved": "https://registry.npmjs.org/style-observer/-/style-observer-0.1.2.tgz",
      "integrity": "sha512-VdGkVx7dGqEzosau63CI33vRJsAGKPJCXyS9f5ze7gFbgsXm0wt5liXUNB9+YjyfhMyD+iTwNa7sM4cvpP3N9Q==",
      "funding": [
        {
          "type": "individual",
          "url": "https://github.com/sponsors/LeaVerou"
        },
        {
          "type": "opencollective",
          "url": "https://opencollective.com/leaverou"
        }
      ],
      "license": "MIT"
    }
  }
}
